// !$*UTF8*$!
{
	archiveVersion = 1;
	classes = {
	};
	objectVersion = 50;
	objects = {

/* Begin PBXBuildFile section */
		C8A3125A25A2B4A30058D4BC /* AppDelegate.swift in Sources */ = {isa = PBXBuildFile; fileRef = C8A3125925A2B4A30058D4BC /* AppDelegate.swift */; };
		C8A3125C25A2B4A30058D4BC /* SceneDelegate.swift in Sources */ = {isa = PBXBuildFile; fileRef = C8A3125B25A2B4A30058D4BC /* SceneDelegate.swift */; };
		C8A3126125A2B4A30058D4BC /* Main.storyboard in Resources */ = {isa = PBXBuildFile; fileRef = C8A3125F25A2B4A30058D4BC /* Main.storyboard */; };
		C8A3126325A2B4AA0058D4BC /* Assets.xcassets in Resources */ = {isa = PBXBuildFile; fileRef = C8A3126225A2B4AA0058D4BC /* Assets.xcassets */; };
		C8A3126625A2B4AA0058D4BC /* LaunchScreen.storyboard in Resources */ = {isa = PBXBuildFile; fileRef = C8A3126425A2B4AA0058D4BC /* LaunchScreen.storyboard */; };
		C8A3127125A2B51A0058D4BC /* NewsListTableViewController.swift in Sources */ = {isa = PBXBuildFile; fileRef = C8A3127025A2B51A0058D4BC /* NewsListTableViewController.swift */; };
		C8A3127525A2BC8B0058D4BC /* WebServices.swift in Sources */ = {isa = PBXBuildFile; fileRef = C8A3127425A2BC8B0058D4BC /* WebServices.swift */; };
		C8A3127925A2BFED0058D4BC /* Article.swift in Sources */ = {isa = PBXBuildFile; fileRef = C8A3127825A2BFED0058D4BC /* Article.swift */; };
		C8A3127E25A2C9540058D4BC /* ArticleViewModel.swift in Sources */ = {isa = PBXBuildFile; fileRef = C8A3127D25A2C9540058D4BC /* ArticleViewModel.swift */; };
		C8A3128325A2CEC30058D4BC /* ArticleTableViewCell.swift in Sources */ = {isa = PBXBuildFile; fileRef = C8A3128225A2CEC30058D4BC /* ArticleTableViewCell.swift */; };
/* End PBXBuildFile section */

/* Begin PBXFileReference section */
		C8A3125625A2B4A30058D4BC /* GoodNews.app */ = {isa = PBXFileReference; explicitFileType = wrapper.application; includeInIndex = 0; path = GoodNews.app; sourceTree = BUILT_PRODUCTS_DIR; };
		C8A3125925A2B4A30058D4BC /* AppDelegate.swift */ = {isa = PBXFileReference; lastKnownFileType = sourcecode.swift; path = AppDelegate.swift; sourceTree = "<group>"; };
		C8A3125B25A2B4A30058D4BC /* SceneDelegate.swift */ = {isa = PBXFileReference; lastKnownFileType = sourcecode.swift; path = SceneDelegate.swift; sourceTree = "<group>"; };
		C8A3126025A2B4A30058D4BC /* Base */ = {isa = PBXFileReference; lastKnownFileType = file.storyboard; name = Base; path = Base.lproj/Main.storyboard; sourceTree = "<group>"; };
		C8A3126225A2B4AA0058D4BC /* Assets.xcassets */ = {isa = PBXFileReference; lastKnownFileType = folder.assetcatalog; path = Assets.xcassets; sourceTree = "<group>"; };
		C8A3126525A2B4AA0058D4BC /* Base */ = {isa = PBXFileReference; lastKnownFileType = file.storyboard; name = Base; path = Base.lproj/LaunchScreen.storyboard; sourceTree = "<group>"; };
		C8A3126725A2B4AA0058D4BC /* Info.plist */ = {isa = PBXFileReference; lastKnownFileType = text.plist.xml; path = Info.plist; sourceTree = "<group>"; };
		C8A3127025A2B51A0058D4BC /* NewsListTableViewController.swift */ = {isa = PBXFileReference; lastKnownFileType = sourcecode.swift; path = NewsListTableViewController.swift; sourceTree = "<group>"; };
		C8A3127425A2BC8B0058D4BC /* WebServices.swift */ = {isa = PBXFileReference; lastKnownFileType = sourcecode.swift; path = WebServices.swift; sourceTree = "<group>"; };
		C8A3127825A2BFED0058D4BC /* Article.swift */ = {isa = PBXFileReference; lastKnownFileType = sourcecode.swift; path = Article.swift; sourceTree = "<group>"; };
		C8A3127D25A2C9540058D4BC /* ArticleViewModel.swift */ = {isa = PBXFileReference; lastKnownFileType = sourcecode.swift; path = ArticleViewModel.swift; sourceTree = "<group>"; };
		C8A3128225A2CEC30058D4BC /* ArticleTableViewCell.swift */ = {isa = PBXFileReference; lastKnownFileType = sourcecode.swift; path = ArticleTableViewCell.swift; sourceTree = "<group>"; };
/* End PBXFileReference section */

/* Begin PBXFrameworksBuildPhase section */
		C8A3125325A2B4A30058D4BC /* Frameworks */ = {
			isa = PBXFrameworksBuildPhase;
			buildActionMask = 2147483647;
			files = (
			);
			runOnlyForDeploymentPostprocessing = 0;
		};
/* End PBXFrameworksBuildPhase section */

/* Begin PBXGroup section */
		C8A3124D25A2B4A20058D4BC = {
			isa = PBXGroup;
			children = (
				C8A3125825A2B4A30058D4BC /* GoodNews */,
				C8A3125725A2B4A30058D4BC /* Products */,
			);
			sourceTree = "<group>";
		};
		C8A3125725A2B4A30058D4BC /* Products */ = {
			isa = PBXGroup;
			children = (
				C8A3125625A2B4A30058D4BC /* GoodNews.app */,
			);
			name = Products;
			sourceTree = "<group>";
		};
		C8A3125825A2B4A30058D4BC /* GoodNews */ = {
			isa = PBXGroup;
			children = (
				C8A3128125A2CE9E0058D4BC /* Cells */,
				C8A3127C25A2C92C0058D4BC /* ViewModel */,
				C8A3127725A2BFB00058D4BC /* Models */,
				C8A3127325A2BC5D0058D4BC /* Services */,
				C8A3126F25A2B4EF0058D4BC /* Controller */,
				C8A3125925A2B4A30058D4BC /* AppDelegate.swift */,
				C8A3125B25A2B4A30058D4BC /* SceneDelegate.swift */,
				C8A3125F25A2B4A30058D4BC /* Main.storyboard */,
				C8A3126225A2B4AA0058D4BC /* Assets.xcassets */,
				C8A3126425A2B4AA0058D4BC /* LaunchScreen.storyboard */,
				C8A3126725A2B4AA0058D4BC /* Info.plist */,
			);
			path = GoodNews;
			sourceTree = "<group>";
		};
		C8A3126F25A2B4EF0058D4BC /* Controller */ = {
			isa = PBXGroup;
			children = (
				C8A3127025A2B51A0058D4BC /* NewsListTableViewController.swift */,
			);
			path = Controller;
			sourceTree = "<group>";
		};
		C8A3127325A2BC5D0058D4BC /* Services */ = {
			isa = PBXGroup;
			children = (
				C8A3127425A2BC8B0058D4BC /* WebServices.swift */,
			);
			path = Services;
			sourceTree = "<group>";
		};
		C8A3127725A2BFB00058D4BC /* Models */ = {
			isa = PBXGroup;
			children = (
				C8A3127825A2BFED0058D4BC /* Article.swift */,
			);
			path = Models;
			sourceTree = "<group>";
		};
		C8A3127C25A2C92C0058D4BC /* ViewModel */ = {
			isa = PBXGroup;
			children = (
				C8A3127D25A2C9540058D4BC /* ArticleViewModel.swift */,
			);
			path = ViewModel;
			sourceTree = "<group>";
		};
		C8A3128125A2CE9E0058D4BC /* Cells */ = {
			isa = PBXGroup;
			children = (
				C8A3128225A2CEC30058D4BC /* ArticleTableViewCell.swift */,
			);
			path = Cells;
			sourceTree = "<group>";
		};
/* End PBXGroup section */

/* Begin PBXNativeTarget section */
		C8A3125525A2B4A30058D4BC /* GoodNews */ = {
			isa = PBXNativeTarget;
			buildConfigurationList = C8A3126A25A2B4AA0058D4BC /* Build configuration list for PBXNativeTarget "GoodNews" */;
			buildPhases = (
				C8A3125225A2B4A30058D4BC /* Sources */,
				C8A3125325A2B4A30058D4BC /* Frameworks */,
				C8A3125425A2B4A30058D4BC /* Resources */,
			);
			buildRules = (
			);
			dependencies = (
			);
			name = GoodNews;
			productName = GoodNews;
			productReference = C8A3125625A2B4A30058D4BC /* GoodNews.app */;
			productType = "com.apple.product-type.application";
		};
/* End PBXNativeTarget section */

/* Begin PBXProject section */
		C8A3124E25A2B4A20058D4BC /* Project object */ = {
			isa = PBXProject;
			attributes = {
				LastSwiftUpdateCheck = 1220;
				LastUpgradeCheck = 1220;
				TargetAttributes = {
					C8A3125525A2B4A30058D4BC = {
						CreatedOnToolsVersion = 12.2;
					};
				};
			};
			buildConfigurationList = C8A3125125A2B4A20058D4BC /* Build configuration list for PBXProject "GoodNews" */;
			compatibilityVersion = "Xcode 9.3";
			developmentRegion = en;
			hasScannedForEncodings = 0;
			knownRegions = (
				en,
				Base,
			);
			mainGroup = C8A3124D25A2B4A20058D4BC;
			productRefGroup = C8A3125725A2B4A30058D4BC /* Products */;
			projectDirPath = "";
			projectRoot = "";
			targets = (
				C8A3125525A2B4A30058D4BC /* GoodNews */,
			);
		};
/* End PBXProject section */

/* Begin PBXResourcesBuildPhase section */
		C8A3125425A2B4A30058D4BC /* Resources */ = {
			isa = PBXResourcesBuildPhase;
			buildActionMask = 2147483647;
			files = (
				C8A3126625A2B4AA0058D4BC /* LaunchScreen.storyboard in Resources */,
				C8A3126325A2B4AA0058D4BC /* Assets.xcassets in Resources */,
				C8A3126125A2B4A30058D4BC /* Main.storyboard in Resources */,
			);
			runOnlyForDeploymentPostprocessing = 0;
		};
/* End PBXResourcesBuildPhase section */

/* Begin PBXSourcesBuildPhase section */
		C8A3125225A2B4A30058D4BC /* Sources */ = {
			isa = PBXSourcesBuildPhase;
			buildActionMask = 2147483647;
			files = (
				C8A3125A25A2B4A30058D4BC /* AppDelegate.swift in Sources */,
				C8A3127125A2B51A0058D4BC /* NewsListTableViewController.swift in Sources */,
				C8A3127525A2BC8B0058D4BC /* WebServices.swift in Sources */,
				C8A3127E25A2C9540058D4BC /* ArticleViewModel.swift in Sources */,
				C8A3127925A2BFED0058D4BC /* Article.swift in Sources */,
				C8A3128325A2CEC30058D4BC /* ArticleTableViewCell.swift in Sources */,
				C8A3125C25A2B4A30058D4BC /* SceneDelegate.swift in Sources */,
			);
			runOnlyForDeploymentPostprocessing = 0;
		};
/* End PBXSourcesBuildPhase section */

/* Begin PBXVariantGroup section */
		C8A3125F25A2B4A30058D4BC /* Main.storyboard */ = {
			isa = PBXVariantGroup;
			children = (
				C8A3126025A2B4A30058D4BC /* Base */,
			);
			name = Main.storyboard;
			sourceTree = "<group>";
		};
		C8A3126425A2B4AA0058D4BC /* LaunchScreen.storyboard */ = {
			isa = PBXVariantGroup;
			children = (
				C8A3126525A2B4AA0058D4BC /* Base */,
			);
			name = LaunchScreen.storyboard;
			sourceTree = "<group>";
		};
/* End PBXVariantGroup section */

/* Begin XCBuildConfiguration section */
		C8A3126825A2B4AA0058D4BC /* Debug */ = {
			isa = XCBuildConfiguration;
			buildSettings = {
				ALWAYS_SEARCH_USER_PATHS = NO;
				CLANG_ANALYZER_NONNULL = YES;
				CLANG_ANALYZER_NUMBER_OBJECT_CONVERSION = YES_AGGRESSIVE;
				CLANG_CXX_LANGUAGE_STANDARD = "gnu++14";
				CLANG_CXX_LIBRARY = "libc++";
				CLANG_ENABLE_MODULES = YES;
				CLANG_ENABLE_OBJC_ARC = YES;
				CLANG_ENABLE_OBJC_WEAK = YES;
				CLANG_WARN_BLOCK_CAPTURE_AUTORELEASING = YES;
				CLANG_WARN_BOOL_CONVERSION = YES;
				CLANG_WARN_COMMA = YES;
				CLANG_WARN_CONSTANT_CONVERSION = YES;
				CLANG_WARN_DEPRECATED_OBJC_IMPLEMENTATIONS = YES;
				CLANG_WARN_DIRECT_OBJC_ISA_USAGE = YES_ERROR;
				CLANG_WARN_DOCUMENTATION_COMMENTS = YES;
				CLANG_WARN_EMPTY_BODY = YES;
				CLANG_WARN_ENUM_CONVERSION = YES;
				CLANG_WARN_INFINITE_RECURSION = YES;
				CLANG_WARN_INT_CONVERSION = YES;
				CLANG_WARN_NON_LITERAL_NULL_CONVERSION = YES;
				CLANG_WARN_OBJC_IMPLICIT_RETAIN_SELF = YES;
				CLANG_WARN_OBJC_LITERAL_CONVERSION = YES;
				CLANG_WARN_OBJC_ROOT_CLASS = YES_ERROR;
				CLANG_WARN_QUOTED_INCLUDE_IN_FRAMEWORK_HEADER = YES;
				CLANG_WARN_RANGE_LOOP_ANALYSIS = YES;
				CLANG_WARN_STRICT_PROTOTYPES = YES;
				CLANG_WARN_SUSPICIOUS_MOVE = YES;
				CLANG_WARN_UNGUARDED_AVAILABILITY = YES_AGGRESSIVE;
				CLANG_WARN_UNREACHABLE_CODE = YES;
				CLANG_WARN__DUPLICATE_METHOD_MATCH = YES;
				COPY_PHASE_STRIP = NO;
				DEBUG_INFORMATION_FORMAT = dwarf;
				ENABLE_STRICT_OBJC_MSGSEND = YES;
				ENABLE_TESTABILITY = YES;
				GCC_C_LANGUAGE_STANDARD = gnu11;
				GCC_DYNAMIC_NO_PIC = NO;
				GCC_NO_COMMON_BLOCKS = YES;
				GCC_OPTIMIZATION_LEVEL = 0;
				GCC_PREPROCESSOR_DEFINITIONS = (
					"DEBUG=1",
					"$(inherited)",
				);
				GCC_WARN_64_TO_32_BIT_CONVERSION = YES;
				GCC_WARN_ABOUT_RETURN_TYPE = YES_ERROR;
				GCC_WARN_UNDECLARED_SELECTOR = YES;
				GCC_WARN_UNINITIALIZED_AUTOS = YES_AGGRESSIVE;
				GCC_WARN_UNUSED_FUNCTION = YES;
				GCC_WARN_UNUSED_VARIABLE = YES;
				IPHONEOS_DEPLOYMENT_TARGET = 14.2;
				MTL_ENABLE_DEBUG_INFO = INCLUDE_SOURCE;
				MTL_FAST_MATH = YES;
				ONLY_ACTIVE_ARCH = YES;
				SDKROOT = iphoneos;
				SWIFT_ACTIVE_COMPILATION_CONDITIONS = DEBUG;
				SWIFT_OPTIMIZATION_LEVEL = "-Onone";
			};
			name = Debug;
		};
		C8A3126925A2B4AA0058D4BC /* Release */ = {
			isa = XCBuildConfiguration;
			buildSettings = {
				ALWAYS_SEARCH_USER_PATHS = NO;
				CLANG_ANALYZER_NONNULL = YES;
				CLANG_ANALYZER_NUMBER_OBJECT_CONVERSION = YES_AGGRESSIVE;
				CLANG_CXX_LANGUAGE_STANDARD = "gnu++14";
				CLANG_CXX_LIBRARY = "libc++";
				CLANG_ENABLE_MODULES = YES;
				CLANG_ENABLE_OBJC_ARC = YES;
				CLANG_ENABLE_OBJC_WEAK = YES;
				CLANG_WARN_BLOCK_CAPTURE_AUTORELEASING = YES;
				CLANG_WARN_BOOL_CONVERSION = YES;
				CLANG_WARN_COMMA = YES;
				CLANG_WARN_CONSTANT_CONVERSION = YES;
				CLANG_WARN_DEPRECATED_OBJC_IMPLEMENTATIONS = YES;
				CLANG_WARN_DIRECT_OBJC_ISA_USAGE = YES_ERROR;
				CLANG_WARN_DOCUMENTATION_COMMENTS = YES;
				CLANG_WARN_EMPTY_BODY = YES;
				CLANG_WARN_ENUM_CONVERSION = YES;
				CLANG_WARN_INFINITE_RECURSION = YES;
				CLANG_WARN_INT_CONVERSION = YES;
				CLANG_WARN_NON_LITERAL_NULL_CONVERSION = YES;
				CLANG_WARN_OBJC_IMPLICIT_RETAIN_SELF = YES;
				CLANG_WARN_OBJC_LITERAL_CONVERSION = YES;
				CLANG_WARN_OBJC_ROOT_CLASS = YES_ERROR;
				CLANG_WARN_QUOTED_INCLUDE_IN_FRAMEWORK_HEADER = YES;
				CLANG_WARN_RANGE_LOOP_ANALYSIS = YES;
				CLANG_WARN_STRICT_PROTOTYPES = YES;
				CLANG_WARN_SUSPICIOUS_MOVE = YES;
				CLANG_WARN_UNGUARDED_AVAILABILITY = YES_AGGRESSIVE;
				CLANG_WARN_UNREACHABLE_CODE = YES;
				CLANG_WARN__DUPLICATE_METHOD_MATCH = YES;
				COPY_PHASE_STRIP = NO;
				DEBUG_INFORMATION_FORMAT = "dwarf-with-dsym";
				ENABLE_NS_ASSERTIONS = NO;
				ENABLE_STRICT_OBJC_MSGSEND = YES;
				GCC_C_LANGUAGE_STANDARD = gnu11;
				GCC_NO_COMMON_BLOCKS = YES;
				GCC_WARN_64_TO_32_BIT_CONVERSION = YES;
				GCC_WARN_ABOUT_RETURN_TYPE = YES_ERROR;
				GCC_WARN_UNDECLARED_SELECTOR = YES;
				GCC_WARN_UNINITIALIZED_AUTOS = YES_AGGRESSIVE;
				GCC_WARN_UNUSED_FUNCTION = YES;
				GCC_WARN_UNUSED_VARIABLE = YES;
				IPHONEOS_DEPLOYMENT_TARGET = 14.2;
				MTL_ENABLE_DEBUG_INFO = NO;
				MTL_FAST_MATH = YES;
				SDKROOT = iphoneos;
				SWIFT_COMPILATION_MODE = wholemodule;
				SWIFT_OPTIMIZATION_LEVEL = "-O";
				VALIDATE_PRODUCT = YES;
			};
			name = Release;
		};
		C8A3126B25A2B4AA0058D4BC /* Debug */ = {
			isa = XCBuildConfiguration;
			buildSettings = {
				ASSETCATALOG_COMPILER_APPICON_NAME = AppIcon;
				ASSETCATALOG_COMPILER_GLOBAL_ACCENT_COLOR_NAME = AccentColor;
				CODE_SIGN_STYLE = Automatic;
				DEVELOPMENT_TEAM = S9GSUR5LJ2;
				INFOPLIST_FILE = GoodNews/Info.plist;
				LD_RUNPATH_SEARCH_PATHS = (
					"$(inherited)",
					"@executable_path/Frameworks",
				);
				PRODUCT_BUNDLE_IDENTIFIER = thobiojoseph.in.GoodNews;
				PRODUCT_NAME = "$(TARGET_NAME)";
				SWIFT_VERSION = 5.0;
				TARGETED_DEVICE_FAMILY = "1,2";
			};
			name = Debug;
		};
		C8A3126C25A2B4AA0058D4BC /* Release */ = {
			isa = XCBuildConfiguration;
			buildSettings = {
				ASSETCATALOG_COMPILER_APPICON_NAME = AppIcon;
				ASSETCATALOG_COMPILER_GLOBAL_ACCENT_COLOR_NAME = AccentColor;
				CODE_SIGN_STYLE = Automatic;
				DEVELOPMENT_TEAM = S9GSUR5LJ2;
				INFOPLIST_FILE = GoodNews/Info.plist;
				LD_RUNPATH_SEARCH_PATHS = (
					"$(inherited)",
					"@executable_path/Frameworks",
				);
				PRODUCT_BUNDLE_IDENTIFIER = thobiojoseph.in.GoodNews;
				PRODUCT_NAME = "$(TARGET_NAME)";
				SWIFT_VERSION = 5.0;
				TARGETED_DEVICE_FAMILY = "1,2";
			};
			name = Release;
		};
/* End XCBuildConfiguration section */

/* Begin XCConfigurationList section */
		C8A3125125A2B4A20058D4BC /* Build configuration list for PBXProject "GoodNews" */ = {
			isa = XCConfigurationList;
			buildConfigurations = (
				C8A3126825A2B4AA0058D4BC /* Debug */,
				C8A3126925A2B4AA0058D4BC /* Release */,
			);
			defaultConfigurationIsVisible = 0;
			defaultConfigurationName = Release;
		};
		C8A3126A25A2B4AA0058D4BC /* Build configuration list for PBXNativeTarget "GoodNews" */ = {
			isa = XCConfigurationList;
			buildConfigurations = (
				C8A3126B25A2B4AA0058D4BC /* Debug */,
				C8A3126C25A2B4AA0058D4BC /* Release */,
			);
			defaultConfigurationIsVisible = 0;
			defaultConfigurationName = Release;
		};
/* End XCConfigurationList section */
	};
	rootObject = C8A3124E25A2B4A20058D4BC /* Project object */;
}
